
Microsoft Visual Studio Solution File, Format Version 12.00
# Visual Studio Version 17
VisualStudioVersion = 17.11.35327.3
MinimumVisualStudioVersion = 10.0.40219.1
Project("{FAE04EC0-301F-11D3-BF4B-00C04F79EFBC}") = "BibliotecaTest", "BibliotecaTest\BibliotecaTest.csproj", "{03D4E57E-F336-4C09-A2BE-143B94FC1888}"
EndProject
Global
	GlobalSection(SolutionConfigurationPlatforms) = preSolution
		Debug|Any CPU = Debug|Any CPU
		Release|Any CPU = Release|Any CPU
	EndGlobalSection
	GlobalSection(ProjectConfigurationPlatforms) = postSolution
		{03D4E57E-F336-4C09-A2BE-143B94FC1888}.Debug|Any CPU.ActiveCfg = Debug|Any CPU
		{03D4E57E-F336-4C09-A2BE-143B94FC1888}.Debug|Any CPU.Build.0 = Debug|Any CPU
		{03D4E57E-F336-4C09-A2BE-143B94FC1888}.Release|Any CPU.ActiveCfg = Release|Any CPU
		{03D4E57E-F336-4C09-A2BE-143B94FC1888}.Release|Any CPU.Build.0 = Release|Any CPU
	EndGlobalSection
	GlobalSection(SolutionProperties) = preSolution
		HideSolutionNode = FALSE
	EndGlobalSection
	GlobalSection(ExtensibilityGlobals) = postSolution
		SolutionGuid = {61DC3C09-19D8-4731-8CF9-50E595505798}
	EndGlobalSection
EndGlobal
